
Microsoft Visual Studio Solution File, Format Version 12.00
# Visual Studio Version 17
VisualStudioVersion = 17.14.36603.0 d17.14
MinimumVisualStudioVersion = 10.0.40219.1
Project("{FAE04EC0-301F-11D3-BF4B-00C04F79EFBC}") = "Project_Algorithms", "Project_Algorithms\Project_Algorithms.csproj", "{017162F3-0EBC-4C51-95C8-348AEEBCA445}"
EndProject
Global
	GlobalSection(SolutionConfigurationPlatforms) = preSolution
		Debug|Any CPU = Debug|Any CPU
		Release|Any CPU = Release|Any CPU
	EndGlobalSection
	GlobalSection(ProjectConfigurationPlatforms) = postSolution
		{017162F3-0EBC-4C51-95C8-348AEEBCA445}.Debug|Any CPU.ActiveCfg = Debug|Any CPU
		{017162F3-0EBC-4C51-95C8-348AEEBCA445}.Debug|Any CPU.Build.0 = Debug|Any CPU
		{017162F3-0EBC-4C51-95C8-348AEEBCA445}.Release|Any CPU.ActiveCfg = Release|Any CPU
		{017162F3-0EBC-4C51-95C8-348AEEBCA445}.Release|Any CPU.Build.0 = Release|Any CPU
	EndGlobalSection
	GlobalSection(SolutionProperties) = preSolution
		HideSolutionNode = FALSE
	EndGlobalSection
	GlobalSection(ExtensibilityGlobals) = postSolution
		SolutionGuid = {1079A657-AC6E-4150-AAE1-D782074461D8}
	EndGlobalSection
EndGlobal
